
Microsoft Visual Studio Solution File, Format Version 12.00
# Visual Studio Version 17
VisualStudioVersion = 17.5.002.0
MinimumVisualStudioVersion = 10.0.40219.1
Project("{9A19103F-16F7-4668-BE54-9A1E7A4F7556}") = "API", "API.csproj", "{C46982A0-A35C-423D-A905-554BA7190D48}"
EndProject
Global
	GlobalSection(SolutionConfigurationPlatforms) = preSolution
		Debug|Any CPU = Debug|Any CPU
		Release|Any CPU = Release|Any CPU
	EndGlobalSection
	GlobalSection(ProjectConfigurationPlatforms) = postSolution
		{C46982A0-A35C-423D-A905-554BA7190D48}.Debug|Any CPU.ActiveCfg = Debug|Any CPU
		{C46982A0-A35C-423D-A905-554BA7190D48}.Debug|Any CPU.Build.0 = Debug|Any CPU
		{C46982A0-A35C-423D-A905-554BA7190D48}.Release|Any CPU.ActiveCfg = Release|Any CPU
		{C46982A0-A35C-423D-A905-554BA7190D48}.Release|Any CPU.Build.0 = Release|Any CPU
	EndGlobalSection
	GlobalSection(SolutionProperties) = preSolution
		HideSolutionNode = FALSE
	EndGlobalSection
	GlobalSection(ExtensibilityGlobals) = postSolution
		SolutionGuid = {714A0BCB-3968-4CD1-8355-D8508205D3BC}
	EndGlobalSection
EndGlobal
